// !$*UTF8*$!
{
	archiveVersion = 1;
	classes = {
	};
	objectVersion = 50;
	objects = {

/* Begin PBXBuildFile section */
		600DA193267F0E2B00F213AD /* AppDelegate.swift in Sources */ = {isa = PBXBuildFile; fileRef = 600DA192267F0E2B00F213AD /* AppDelegate.swift */; };
		600DA195267F0E2B00F213AD /* SceneDelegate.swift in Sources */ = {isa = PBXBuildFile; fileRef = 600DA194267F0E2B00F213AD /* SceneDelegate.swift */; };
		600DA197267F0E2B00F213AD /* ContentView.swift in Sources */ = {isa = PBXBuildFile; fileRef = 600DA196267F0E2B00F213AD /* ContentView.swift */; };
		600DA199267F0E2D00F213AD /* Assets.xcassets in Resources */ = {isa = PBXBuildFile; fileRef = 600DA198267F0E2D00F213AD /* Assets.xcassets */; };
		600DA19C267F0E2D00F213AD /* Preview Assets.xcassets in Resources */ = {isa = PBXBuildFile; fileRef = 600DA19B267F0E2D00F213AD /* Preview Assets.xcassets */; };
		600DA19F267F0E2D00F213AD /* LaunchScreen.storyboard in Resources */ = {isa = PBXBuildFile; fileRef = 600DA19D267F0E2D00F213AD /* LaunchScreen.storyboard */; };
		600DA1A9267F114000F213AD /* Pacifico-Regular.ttf in Resources */ = {isa = PBXBuildFile; fileRef = 600DA1A8267F114000F213AD /* Pacifico-Regular.ttf */; };
		600DA1AC267F161700F213AD /* InfoView.swift in Sources */ = {isa = PBXBuildFile; fileRef = 600DA1AB267F161700F213AD /* InfoView.swift */; };
/* End PBXBuildFile section */

/* Begin PBXFileReference section */
		600DA18F267F0E2B00F213AD /* RayCard.app */ = {isa = PBXFileReference; explicitFileType = wrapper.application; includeInIndex = 0; path = RayCard.app; sourceTree = BUILT_PRODUCTS_DIR; };
		600DA192267F0E2B00F213AD /* AppDelegate.swift */ = {isa = PBXFileReference; lastKnownFileType = sourcecode.swift; path = AppDelegate.swift; sourceTree = "<group>"; };
		600DA194267F0E2B00F213AD /* SceneDelegate.swift */ = {isa = PBXFileReference; lastKnownFileType = sourcecode.swift; path = SceneDelegate.swift; sourceTree = "<group>"; };
		600DA196267F0E2B00F213AD /* ContentView.swift */ = {isa = PBXFileReference; lastKnownFileType = sourcecode.swift; path = ContentView.swift; sourceTree = "<group>"; };
		600DA198267F0E2D00F213AD /* Assets.xcassets */ = {isa = PBXFileReference; lastKnownFileType = folder.assetcatalog; path = Assets.xcassets; sourceTree = "<group>"; };
		600DA19B267F0E2D00F213AD /* Preview Assets.xcassets */ = {isa = PBXFileReference; lastKnownFileType = folder.assetcatalog; path = "Preview Assets.xcassets"; sourceTree = "<group>"; };
		600DA19E267F0E2D00F213AD /* Base */ = {isa = PBXFileReference; lastKnownFileType = file.storyboard; name = Base; path = Base.lproj/LaunchScreen.storyboard; sourceTree = "<group>"; };
		600DA1A0267F0E2D00F213AD /* Info.plist */ = {isa = PBXFileReference; lastKnownFileType = text.plist.xml; path = Info.plist; sourceTree = "<group>"; };
		600DA1A8267F114000F213AD /* Pacifico-Regular.ttf */ = {isa = PBXFileReference; lastKnownFileType = file; path = "Pacifico-Regular.ttf"; sourceTree = "<group>"; };
		600DA1AB267F161700F213AD /* InfoView.swift */ = {isa = PBXFileReference; lastKnownFileType = sourcecode.swift; path = InfoView.swift; sourceTree = "<group>"; };
/* End PBXFileReference section */

/* Begin PBXFrameworksBuildPhase section */
		600DA18C267F0E2B00F213AD /* Frameworks */ = {
			isa = PBXFrameworksBuildPhase;
			buildActionMask = 2147483647;
			files = (
			);
			runOnlyForDeploymentPostprocessing = 0;
		};
/* End PBXFrameworksBuildPhase section */

/* Begin PBXGroup section */
		600DA186267F0E2B00F213AD = {
			isa = PBXGroup;
			children = (
				600DA191267F0E2B00F213AD /* RayCard */,
				600DA190267F0E2B00F213AD /* Products */,
			);
			sourceTree = "<group>";
		};
		600DA190267F0E2B00F213AD /* Products */ = {
			isa = PBXGroup;
			children = (
				600DA18F267F0E2B00F213AD /* RayCard.app */,
			);
			name = Products;
			sourceTree = "<group>";
		};
		600DA191267F0E2B00F213AD /* RayCard */ = {
			isa = PBXGroup;
			children = (
				600DA1A7267F112300F213AD /* fonts */,
				600DA192267F0E2B00F213AD /* AppDelegate.swift */,
				600DA1AB267F161700F213AD /* InfoView.swift */,
				600DA194267F0E2B00F213AD /* SceneDelegate.swift */,
				600DA196267F0E2B00F213AD /* ContentView.swift */,
				600DA198267F0E2D00F213AD /* Assets.xcassets */,
				600DA19D267F0E2D00F213AD /* LaunchScreen.storyboard */,
				600DA1A0267F0E2D00F213AD /* Info.plist */,
				600DA19A267F0E2D00F213AD /* Preview Content */,
			);
			path = RayCard;
			sourceTree = "<group>";
		};
		600DA19A267F0E2D00F213AD /* Preview Content */ = {
			isa = PBXGroup;
			children = (
				600DA19B267F0E2D00F213AD /* Preview Assets.xcassets */,
			);
			path = "Preview Content";
			sourceTree = "<group>";
		};
		600DA1A7267F112300F213AD /* fonts */ = {
			isa = PBXGroup;
			children = (
				600DA1A8267F114000F213AD /* Pacifico-Regular.ttf */,
			);
			path = fonts;
			sourceTree = "<group>";
		};
/* End PBXGroup section */

/* Begin PBXNativeTarget section */
		600DA18E267F0E2B00F213AD /* RayCard */ = {
			isa = PBXNativeTarget;
			buildConfigurationList = 600DA1A3267F0E2D00F213AD /* Build configuration list for PBXNativeTarget "RayCard" */;
			buildPhases = (
				600DA18B267F0E2B00F213AD /* Sources */,
				600DA18C267F0E2B00F213AD /* Frameworks */,
				600DA18D267F0E2B00F213AD /* Resources */,
			);
			buildRules = (
			);
			dependencies = (
			);
			name = RayCard;
			productName = RayCard;
			productReference = 600DA18F267F0E2B00F213AD /* RayCard.app */;
			productType = "com.apple.product-type.application";
		};
/* End PBXNativeTarget section */

/* Begin PBXProject section */
		600DA187267F0E2B00F213AD /* Project object */ = {
			isa = PBXProject;
			attributes = {
				LastSwiftUpdateCheck = 1240;
				LastUpgradeCheck = 1240;
				TargetAttributes = {
					600DA18E267F0E2B00F213AD = {
						CreatedOnToolsVersion = 12.4;
					};
				};
			};
			buildConfigurationList = 600DA18A267F0E2B00F213AD /* Build configuration list for PBXProject "RayCard" */;
			compatibilityVersion = "Xcode 9.3";
			developmentRegion = en;
			hasScannedForEncodings = 0;
			knownRegions = (
				en,
				Base,
			);
			mainGroup = 600DA186267F0E2B00F213AD;
			productRefGroup = 600DA190267F0E2B00F213AD /* Products */;
			projectDirPath = "";
			projectRoot = "";
			targets = (
				600DA18E267F0E2B00F213AD /* RayCard */,
			);
		};
/* End PBXProject section */

/* Begin PBXResourcesBuildPhase section */
		600DA18D267F0E2B00F213AD /* Resources */ = {
			isa = PBXResourcesBuildPhase;
			buildActionMask = 2147483647;
			files = (
				600DA19F267F0E2D00F213AD /* LaunchScreen.storyboard in Resources */,
				600DA1A9267F114000F213AD /* Pacifico-Regular.ttf in Resources */,
				600DA19C267F0E2D00F213AD /* Preview Assets.xcassets in Resources */,
				600DA199267F0E2D00F213AD /* Assets.xcassets in Resources */,
			);
			runOnlyForDeploymentPostprocessing = 0;
		};
/* End PBXResourcesBuildPhase section */

/* Begin PBXSourcesBuildPhase section */
		600DA18B267F0E2B00F213AD /* Sources */ = {
			isa = PBXSourcesBuildPhase;
			buildActionMask = 2147483647;
			files = (
				600DA193267F0E2B00F213AD /* AppDelegate.swift in Sources */,
				600DA195267F0E2B00F213AD /* SceneDelegate.swift in Sources */,
				600DA1AC267F161700F213AD /* InfoView.swift in Sources */,
				600DA197267F0E2B00F213AD /* ContentView.swift in Sources */,
			);
			runOnlyForDeploymentPostprocessing = 0;
		};
/* End PBXSourcesBuildPhase section */

/* Begin PBXVariantGroup section */
		600DA19D267F0E2D00F213AD /* LaunchScreen.storyboard */ = {
			isa = PBXVariantGroup;
			children = (
				600DA19E267F0E2D00F213AD /* Base */,
			);
			name = LaunchScreen.storyboard;
			sourceTree = "<group>";
		};
/* End PBXVariantGroup section */

/* Begin XCBuildConfiguration section */
		600DA1A1267F0E2D00F213AD /* Debug */ = {
			isa = XCBuildConfiguration;
			buildSettings = {
				ALWAYS_SEARCH_USER_PATHS = NO;
				CLANG_ANALYZER_NONNULL = YES;
				CLANG_ANALYZER_NUMBER_OBJECT_CONVERSION = YES_AGGRESSIVE;
				CLANG_CXX_LANGUAGE_STANDARD = "gnu++14";
				CLANG_CXX_LIBRARY = "libc++";
				CLANG_ENABLE_MODULES = YES;
				CLANG_ENABLE_OBJC_ARC = YES;
				CLANG_ENABLE_OBJC_WEAK = YES;
				CLANG_WARN_BLOCK_CAPTURE_AUTORELEASING = YES;
				CLANG_WARN_BOOL_CONVERSION = YES;
				CLANG_WARN_COMMA = YES;
				CLANG_WARN_CONSTANT_CONVERSION = YES;
				CLANG_WARN_DEPRECATED_OBJC_IMPLEMENTATIONS = YES;
				CLANG_WARN_DIRECT_OBJC_ISA_USAGE = YES_ERROR;
				CLANG_WARN_DOCUMENTATION_COMMENTS = YES;
				CLANG_WARN_EMPTY_BODY = YES;
				CLANG_WARN_ENUM_CONVERSION = YES;
				CLANG_WARN_INFINITE_RECURSION = YES;
				CLANG_WARN_INT_CONVERSION = YES;
				CLANG_WARN_NON_LITERAL_NULL_CONVERSION = YES;
				CLANG_WARN_OBJC_IMPLICIT_RETAIN_SELF = YES;
				CLANG_WARN_OBJC_LITERAL_CONVERSION = YES;
				CLANG_WARN_OBJC_ROOT_CLASS = YES_ERROR;
				CLANG_WARN_QUOTED_INCLUDE_IN_FRAMEWORK_HEADER = YES;
				CLANG_WARN_RANGE_LOOP_ANALYSIS = YES;
				CLANG_WARN_STRICT_PROTOTYPES = YES;
				CLANG_WARN_SUSPICIOUS_MOVE = YES;
				CLANG_WARN_UNGUARDED_AVAILABILITY = YES_AGGRESSIVE;
				CLANG_WARN_UNREACHABLE_CODE = YES;
				CLANG_WARN__DUPLICATE_METHOD_MATCH = YES;
				COPY_PHASE_STRIP = NO;
				DEBUG_INFORMATION_FORMAT = dwarf;
				ENABLE_STRICT_OBJC_MSGSEND = YES;
				ENABLE_TESTABILITY = YES;
				GCC_C_LANGUAGE_STANDARD = gnu11;
				GCC_DYNAMIC_NO_PIC = NO;
				GCC_NO_COMMON_BLOCKS = YES;
				GCC_OPTIMIZATION_LEVEL = 0;
				GCC_PREPROCESSOR_DEFINITIONS = (
					"DEBUG=1",
					"$(inherited)",
				);
				GCC_WARN_64_TO_32_BIT_CONVERSION = YES;
				GCC_WARN_ABOUT_RETURN_TYPE = YES_ERROR;
				GCC_WARN_UNDECLARED_SELECTOR = YES;
				GCC_WARN_UNINITIALIZED_AUTOS = YES_AGGRESSIVE;
				GCC_WARN_UNUSED_FUNCTION = YES;
				GCC_WARN_UNUSED_VARIABLE = YES;
				IPHONEOS_DEPLOYMENT_TARGET = 14.4;
				MTL_ENABLE_DEBUG_INFO = INCLUDE_SOURCE;
				MTL_FAST_MATH = YES;
				ONLY_ACTIVE_ARCH = YES;
				SDKROOT = iphoneos;
				SWIFT_ACTIVE_COMPILATION_CONDITIONS = DEBUG;
				SWIFT_OPTIMIZATION_LEVEL = "-Onone";
			};
			name = Debug;
		};
		600DA1A2267F0E2D00F213AD /* Release */ = {
			isa = XCBuildConfiguration;
			buildSettings = {
				ALWAYS_SEARCH_USER_PATHS = NO;
				CLANG_ANALYZER_NONNULL = YES;
				CLANG_ANALYZER_NUMBER_OBJECT_CONVERSION = YES_AGGRESSIVE;
				CLANG_CXX_LANGUAGE_STANDARD = "gnu++14";
				CLANG_CXX_LIBRARY = "libc++";
				CLANG_ENABLE_MODULES = YES;
				CLANG_ENABLE_OBJC_ARC = YES;
				CLANG_ENABLE_OBJC_WEAK = YES;
				CLANG_WARN_BLOCK_CAPTURE_AUTORELEASING = YES;
				CLANG_WARN_BOOL_CONVERSION = YES;
				CLANG_WARN_COMMA = YES;
				CLANG_WARN_CONSTANT_CONVERSION = YES;
				CLANG_WARN_DEPRECATED_OBJC_IMPLEMENTATIONS = YES;
				CLANG_WARN_DIRECT_OBJC_ISA_USAGE = YES_ERROR;
				CLANG_WARN_DOCUMENTATION_COMMENTS = YES;
				CLANG_WARN_EMPTY_BODY = YES;
				CLANG_WARN_ENUM_CONVERSION = YES;
				CLANG_WARN_INFINITE_RECURSION = YES;
				CLANG_WARN_INT_CONVERSION = YES;
				CLANG_WARN_NON_LITERAL_NULL_CONVERSION = YES;
				CLANG_WARN_OBJC_IMPLICIT_RETAIN_SELF = YES;
				CLANG_WARN_OBJC_LITERAL_CONVERSION = YES;
				CLANG_WARN_OBJC_ROOT_CLASS = YES_ERROR;
				CLANG_WARN_QUOTED_INCLUDE_IN_FRAMEWORK_HEADER = YES;
				CLANG_WARN_RANGE_LOOP_ANALYSIS = YES;
				CLANG_WARN_STRICT_PROTOTYPES = YES;
				CLANG_WARN_SUSPICIOUS_MOVE = YES;
				CLANG_WARN_UNGUARDED_AVAILABILITY = YES_AGGRESSIVE;
				CLANG_WARN_UNREACHABLE_CODE = YES;
				CLANG_WARN__DUPLICATE_METHOD_MATCH = YES;
				COPY_PHASE_STRIP = NO;
				DEBUG_INFORMATION_FORMAT = "dwarf-with-dsym";
				ENABLE_NS_ASSERTIONS = NO;
				ENABLE_STRICT_OBJC_MSGSEND = YES;
				GCC_C_LANGUAGE_STANDARD = gnu11;
				GCC_NO_COMMON_BLOCKS = YES;
				GCC_WARN_64_TO_32_BIT_CONVERSION = YES;
				GCC_WARN_ABOUT_RETURN_TYPE = YES_ERROR;
				GCC_WARN_UNDECLARED_SELECTOR = YES;
				GCC_WARN_UNINITIALIZED_AUTOS = YES_AGGRESSIVE;
				GCC_WARN_UNUSED_FUNCTION = YES;
				GCC_WARN_UNUSED_VARIABLE = YES;
				IPHONEOS_DEPLOYMENT_TARGET = 14.4;
				MTL_ENABLE_DEBUG_INFO = NO;
				MTL_FAST_MATH = YES;
				SDKROOT = iphoneos;
				SWIFT_COMPILATION_MODE = wholemodule;
				SWIFT_OPTIMIZATION_LEVEL = "-O";
				VALIDATE_PRODUCT = YES;
			};
			name = Release;
		};
		600DA1A4267F0E2D00F213AD /* Debug */ = {
			isa = XCBuildConfiguration;
			buildSettings = {
				ASSETCATALOG_COMPILER_APPICON_NAME = AppIcon;
				ASSETCATALOG_COMPILER_GLOBAL_ACCENT_COLOR_NAME = AccentColor;
				CODE_SIGN_STYLE = Automatic;
				DEVELOPMENT_ASSET_PATHS = "\"RayCard/Preview Content\"";
				ENABLE_PREVIEWS = YES;
				INFOPLIST_FILE = RayCard/Info.plist;
				LD_RUNPATH_SEARCH_PATHS = (
					"$(inherited)",
					"@executable_path/Frameworks",
				);
				PRODUCT_BUNDLE_IDENTIFIER = com.ganthology.RayCard;
				PRODUCT_NAME = "$(TARGET_NAME)";
				SWIFT_VERSION = 5.0;
				TARGETED_DEVICE_FAMILY = "1,2";
			};
			name = Debug;
		};
		600DA1A5267F0E2D00F213AD /* Release */ = {
			isa = XCBuildConfiguration;
			buildSettings = {
				ASSETCATALOG_COMPILER_APPICON_NAME = AppIcon;
				ASSETCATALOG_COMPILER_GLOBAL_ACCENT_COLOR_NAME = AccentColor;
				CODE_SIGN_STYLE = Automatic;
				DEVELOPMENT_ASSET_PATHS = "\"RayCard/Preview Content\"";
				ENABLE_PREVIEWS = YES;
				INFOPLIST_FILE = RayCard/Info.plist;
				LD_RUNPATH_SEARCH_PATHS = (
					"$(inherited)",
					"@executable_path/Frameworks",
				);
				PRODUCT_BUNDLE_IDENTIFIER = com.ganthology.RayCard;
				PRODUCT_NAME = "$(TARGET_NAME)";
				SWIFT_VERSION = 5.0;
				TARGETED_DEVICE_FAMILY = "1,2";
			};
			name = Release;
		};
/* End XCBuildConfiguration section */

/* Begin XCConfigurationList section */
		600DA18A267F0E2B00F213AD /* Build configuration list for PBXProject "RayCard" */ = {
			isa = XCConfigurationList;
			buildConfigurations = (
				600DA1A1267F0E2D00F213AD /* Debug */,
				600DA1A2267F0E2D00F213AD /* Release */,
			);
			defaultConfigurationIsVisible = 0;
			defaultConfigurationName = Release;
		};
		600DA1A3267F0E2D00F213AD /* Build configuration list for PBXNativeTarget "RayCard" */ = {
			isa = XCConfigurationList;
			buildConfigurations = (
				600DA1A4267F0E2D00F213AD /* Debug */,
				600DA1A5267F0E2D00F213AD /* Release */,
			);
			defaultConfigurationIsVisible = 0;
			defaultConfigurationName = Release;
		};
/* End XCConfigurationList section */
	};
	rootObject = 600DA187267F0E2B00F213AD /* Project object */;
}
